
Microsoft Visual Studio Solution File, Format Version 12.00
# Visual Studio Version 16
VisualStudioVersion = 16.0.31112.23
MinimumVisualStudioVersion = 10.0.40219.1
Project("{FAE04EC0-301F-11D3-BF4B-00C04F79EFBC}") = "TestçCast_Boxing", "TestçCast_Boxing\TestçCast_Boxing.csproj", "{8E73CF7E-0746-4629-AD0A-8117124B6250}"
EndProject
Global
	GlobalSection(SolutionConfigurationPlatforms) = preSolution
		Debug|Any CPU = Debug|Any CPU
		Release|Any CPU = Release|Any CPU
	EndGlobalSection
	GlobalSection(ProjectConfigurationPlatforms) = postSolution
		{8E73CF7E-0746-4629-AD0A-8117124B6250}.Debug|Any CPU.ActiveCfg = Debug|Any CPU
		{8E73CF7E-0746-4629-AD0A-8117124B6250}.Debug|Any CPU.Build.0 = Debug|Any CPU
		{8E73CF7E-0746-4629-AD0A-8117124B6250}.Release|Any CPU.ActiveCfg = Release|Any CPU
		{8E73CF7E-0746-4629-AD0A-8117124B6250}.Release|Any CPU.Build.0 = Release|Any CPU
	EndGlobalSection
	GlobalSection(SolutionProperties) = preSolution
		HideSolutionNode = FALSE
	EndGlobalSection
	GlobalSection(ExtensibilityGlobals) = postSolution
		SolutionGuid = {C268D0C5-B0D8-47E2-9CCF-3905B71284C0}
	EndGlobalSection
EndGlobal
