
Microsoft Visual Studio Solution File, Format Version 12.00
# Visual Studio Version 16
VisualStudioVersion = 16.0.31112.23
MinimumVisualStudioVersion = 10.0.40219.1
Project("{FAE04EC0-301F-11D3-BF4B-00C04F79EFBC}") = "Premier_programme_projet", "Premier_programme_projet\Premier_programme_projet.csproj", "{9EA8D86A-0AC2-46FA-8CC6-4EC18C9BA03A}"
EndProject
Global
	GlobalSection(SolutionConfigurationPlatforms) = preSolution
		Debug|Any CPU = Debug|Any CPU
		Release|Any CPU = Release|Any CPU
	EndGlobalSection
	GlobalSection(ProjectConfigurationPlatforms) = postSolution
		{9EA8D86A-0AC2-46FA-8CC6-4EC18C9BA03A}.Debug|Any CPU.ActiveCfg = Debug|Any CPU
		{9EA8D86A-0AC2-46FA-8CC6-4EC18C9BA03A}.Debug|Any CPU.Build.0 = Debug|Any CPU
		{9EA8D86A-0AC2-46FA-8CC6-4EC18C9BA03A}.Release|Any CPU.ActiveCfg = Release|Any CPU
		{9EA8D86A-0AC2-46FA-8CC6-4EC18C9BA03A}.Release|Any CPU.Build.0 = Release|Any CPU
	EndGlobalSection
	GlobalSection(SolutionProperties) = preSolution
		HideSolutionNode = FALSE
	EndGlobalSection
	GlobalSection(ExtensibilityGlobals) = postSolution
		SolutionGuid = {F8DF20B8-13E7-4AA3-99C0-E7D553F4A286}
	EndGlobalSection
EndGlobal
