
Microsoft Visual Studio Solution File, Format Version 12.00
# Visual Studio Version 16
VisualStudioVersion = 16.0.30225.117
MinimumVisualStudioVersion = 10.0.40219.1
Project("{FAE04EC0-301F-11D3-BF4B-00C04F79EFBC}") = "Variablers", "Variablers\Variablers.csproj", "{33F6BBDD-6501-4BD9-A0A8-4184E2E693E0}"
EndProject
Global
	GlobalSection(SolutionConfigurationPlatforms) = preSolution
		Debug|Any CPU = Debug|Any CPU
		Release|Any CPU = Release|Any CPU
	EndGlobalSection
	GlobalSection(ProjectConfigurationPlatforms) = postSolution
		{33F6BBDD-6501-4BD9-A0A8-4184E2E693E0}.Debug|Any CPU.ActiveCfg = Debug|Any CPU
		{33F6BBDD-6501-4BD9-A0A8-4184E2E693E0}.Debug|Any CPU.Build.0 = Debug|Any CPU
		{33F6BBDD-6501-4BD9-A0A8-4184E2E693E0}.Release|Any CPU.ActiveCfg = Release|Any CPU
		{33F6BBDD-6501-4BD9-A0A8-4184E2E693E0}.Release|Any CPU.Build.0 = Release|Any CPU
	EndGlobalSection
	GlobalSection(SolutionProperties) = preSolution
		HideSolutionNode = FALSE
	EndGlobalSection
	GlobalSection(ExtensibilityGlobals) = postSolution
		SolutionGuid = {F483D564-AD47-454F-A2ED-CE801B67871E}
	EndGlobalSection
EndGlobal
