
Microsoft Visual Studio Solution File, Format Version 12.00
# Visual Studio Version 16
VisualStudioVersion = 16.0.31112.23
MinimumVisualStudioVersion = 10.0.40219.1
Project("{FAE04EC0-301F-11D3-BF4B-00C04F79EFBC}") = "Enumeration_Structure", "Enumeration_Structure\Enumeration_Structure.csproj", "{8BF47AB7-BDF9-4F41-9C36-3CFF497F680E}"
EndProject
Global
	GlobalSection(SolutionConfigurationPlatforms) = preSolution
		Debug|Any CPU = Debug|Any CPU
		Release|Any CPU = Release|Any CPU
	EndGlobalSection
	GlobalSection(ProjectConfigurationPlatforms) = postSolution
		{8BF47AB7-BDF9-4F41-9C36-3CFF497F680E}.Debug|Any CPU.ActiveCfg = Debug|Any CPU
		{8BF47AB7-BDF9-4F41-9C36-3CFF497F680E}.Debug|Any CPU.Build.0 = Debug|Any CPU
		{8BF47AB7-BDF9-4F41-9C36-3CFF497F680E}.Release|Any CPU.ActiveCfg = Release|Any CPU
		{8BF47AB7-BDF9-4F41-9C36-3CFF497F680E}.Release|Any CPU.Build.0 = Release|Any CPU
	EndGlobalSection
	GlobalSection(SolutionProperties) = preSolution
		HideSolutionNode = FALSE
	EndGlobalSection
	GlobalSection(ExtensibilityGlobals) = postSolution
		SolutionGuid = {CDA5B7BE-3107-46C4-92C1-F392195671B2}
	EndGlobalSection
EndGlobal
